
Microsoft Visual Studio Solution File, Format Version 12.00
# Visual Studio Version 17
VisualStudioVersion = 17.3.32929.385
MinimumVisualStudioVersion = 10.0.40219.1
Project("{9A19103F-16F7-4668-BE54-9A1E7A4F7556}") = "MonoGames_ProjektMapp", "MonoGames - ProjektMapp\MonoGames_ProjektMapp.csproj", "{F1D92FC8-B6F2-450A-B83C-F492BC96E079}"
EndProject
Global
	GlobalSection(SolutionConfigurationPlatforms) = preSolution
		Debug|Any CPU = Debug|Any CPU
		Release|Any CPU = Release|Any CPU
	EndGlobalSection
	GlobalSection(ProjectConfigurationPlatforms) = postSolution
		{F1D92FC8-B6F2-450A-B83C-F492BC96E079}.Debug|Any CPU.ActiveCfg = Debug|Any CPU
		{F1D92FC8-B6F2-450A-B83C-F492BC96E079}.Debug|Any CPU.Build.0 = Debug|Any CPU
		{F1D92FC8-B6F2-450A-B83C-F492BC96E079}.Release|Any CPU.ActiveCfg = Release|Any CPU
		{F1D92FC8-B6F2-450A-B83C-F492BC96E079}.Release|Any CPU.Build.0 = Release|Any CPU
	EndGlobalSection
	GlobalSection(SolutionProperties) = preSolution
		HideSolutionNode = FALSE
	EndGlobalSection
	GlobalSection(ExtensibilityGlobals) = postSolution
		SolutionGuid = {D9EFFD83-EB73-4CE3-9065-0E0A1BCBBEC5}
	EndGlobalSection
EndGlobal
